
Microsoft Visual Studio Solution File, Format Version 12.00
# Visual Studio Version 17
VisualStudioVersion = 17.0.31903.59
MinimumVisualStudioVersion = 10.0.40219.1
Project("{2150E333-8FDC-42A3-9474-1A3956D46DE8}") = "src", "src", "{827E0CD3-B72D-47B6-A68D-7590B98EB39B}"
EndProject
Project("{FAE04EC0-301F-11D3-BF4B-00C04F79EFBC}") = "Hemo.Pdf.Core", "src\Hemo.Pdf.Core\Hemo.Pdf.Core.csproj", "{213B17B8-39B7-4A01-92F5-62B13E29AD9A}"
EndProject
Project("{FAE04EC0-301F-11D3-BF4B-00C04F79EFBC}") = "Hemo.Pdf.Branding", "src\Hemo.Pdf.Branding\Hemo.Pdf.Branding.csproj", "{149279E6-36DC-4DC7-BFB9-18EF8B3074A8}"
EndProject
Project("{FAE04EC0-301F-11D3-BF4B-00C04F79EFBC}") = "Hemo.Pdf.Rendering", "src\Hemo.Pdf.Rendering\Hemo.Pdf.Rendering.csproj", "{C74DEB55-B5A8-42AE-9BD5-EC7BE9FD0427}"
EndProject
Project("{FAE04EC0-301F-11D3-BF4B-00C04F79EFBC}") = "Hemo.Pdf.Sections", "src\Hemo.Pdf.Sections\Hemo.Pdf.Sections.csproj", "{3C15C1E1-EB0C-407C-870C-AE072BDD8BC7}"
EndProject
Project("{FAE04EC0-301F-11D3-BF4B-00C04F79EFBC}") = "Hemo.Pdf.Layouts", "src\Hemo.Pdf.Layouts\Hemo.Pdf.Layouts.csproj", "{864663B6-9E40-4DB3-96D9-9A35CAF656F5}"
EndProject
Project("{FAE04EC0-301F-11D3-BF4B-00C04F79EFBC}") = "Hemo.Pdf.Application", "src\Hemo.Pdf.Application\Hemo.Pdf.Application.csproj", "{A1129F49-177E-4A77-9587-8DF649CB53C2}"
EndProject
Project("{FAE04EC0-301F-11D3-BF4B-00C04F79EFBC}") = "Hemo.Pdf.Api", "src\Hemo.Pdf.Api\Hemo.Pdf.Api.csproj", "{AF5C610B-2C8E-4DB9-BAB2-CAF77983E3DB}"
EndProject
Project("{FAE04EC0-301F-11D3-BF4B-00C04F79EFBC}") = "Hemo.Pdf.Core.Tests", "tests\Hemo.Pdf.Core.Tests\Hemo.Pdf.Core.Tests.csproj", "{B1AF519D-F625-4D4A-8B8A-E32C41180FB7}"
EndProject
Project("{FAE04EC0-301F-11D3-BF4B-00C04F79EFBC}") = "Hemo.Pdf.Sections.Tests", "tests\Hemo.Pdf.Sections.Tests\Hemo.Pdf.Sections.Tests.csproj", "{439288B6-36C6-4CA7-AE98-54F3E20E704F}"
EndProject
Project("{FAE04EC0-301F-11D3-BF4B-00C04F79EFBC}") = "Hemo.Pdf.Integration.Tests", "tests\Hemo.Pdf.Integration.Tests\Hemo.Pdf.Integration.Tests.csproj", "{D1E03E45-6898-4237-9598-7FFC08ED8FE5}"
EndProject
Global
	GlobalSection(SolutionConfigurationPlatforms) = preSolution
		Debug|Any CPU = Debug|Any CPU
		Debug|x64 = Debug|x64
		Debug|x86 = Debug|x86
		Release|Any CPU = Release|Any CPU
		Release|x64 = Release|x64
		Release|x86 = Release|x86
	EndGlobalSection
	GlobalSection(ProjectConfigurationPlatforms) = postSolution
		{213B17B8-39B7-4A01-92F5-62B13E29AD9A}.Debug|Any CPU.ActiveCfg = Debug|Any CPU
		{213B17B8-39B7-4A01-92F5-62B13E29AD9A}.Debug|Any CPU.Build.0 = Debug|Any CPU
		{213B17B8-39B7-4A01-92F5-62B13E29AD9A}.Debug|x64.ActiveCfg = Debug|Any CPU
		{213B17B8-39B7-4A01-92F5-62B13E29AD9A}.Debug|x64.Build.0 = Debug|Any CPU
		{213B17B8-39B7-4A01-92F5-62B13E29AD9A}.Debug|x86.ActiveCfg = Debug|Any CPU
		{213B17B8-39B7-4A01-92F5-62B13E29AD9A}.Debug|x86.Build.0 = Debug|Any CPU
		{213B17B8-39B7-4A01-92F5-62B13E29AD9A}.Release|Any CPU.ActiveCfg = Release|Any CPU
		{213B17B8-39B7-4A01-92F5-62B13E29AD9A}.Release|Any CPU.Build.0 = Release|Any CPU
		{213B17B8-39B7-4A01-92F5-62B13E29AD9A}.Release|x64.ActiveCfg = Release|Any CPU
		{213B17B8-39B7-4A01-92F5-62B13E29AD9A}.Release|x64.Build.0 = Release|Any CPU
		{213B17B8-39B7-4A01-92F5-62B13E29AD9A}.Release|x86.ActiveCfg = Release|Any CPU
		{213B17B8-39B7-4A01-92F5-62B13E29AD9A}.Release|x86.Build.0 = Release|Any CPU
		{149279E6-36DC-4DC7-BFB9-18EF8B3074A8}.Debug|Any CPU.ActiveCfg = Debug|Any CPU
		{149279E6-36DC-4DC7-BFB9-18EF8B3074A8}.Debug|Any CPU.Build.0 = Debug|Any CPU
		{149279E6-36DC-4DC7-BFB9-18EF8B3074A8}.Debug|x64.ActiveCfg = Debug|Any CPU
		{149279E6-36DC-4DC7-BFB9-18EF8B3074A8}.Debug|x64.Build.0 = Debug|Any CPU
		{149279E6-36DC-4DC7-BFB9-18EF8B3074A8}.Debug|x86.ActiveCfg = Debug|Any CPU
		{149279E6-36DC-4DC7-BFB9-18EF8B3074A8}.Debug|x86.Build.0 = Debug|Any CPU
		{149279E6-36DC-4DC7-BFB9-18EF8B3074A8}.Release|Any CPU.ActiveCfg = Release|Any CPU
		{149279E6-36DC-4DC7-BFB9-18EF8B3074A8}.Release|Any CPU.Build.0 = Release|Any CPU
		{149279E6-36DC-4DC7-BFB9-18EF8B3074A8}.Release|x64.ActiveCfg = Release|Any CPU
		{149279E6-36DC-4DC7-BFB9-18EF8B3074A8}.Release|x64.Build.0 = Release|Any CPU
		{149279E6-36DC-4DC7-BFB9-18EF8B3074A8}.Release|x86.ActiveCfg = Release|Any CPU
		{149279E6-36DC-4DC7-BFB9-18EF8B3074A8}.Release|x86.Build.0 = Release|Any CPU
		{C74DEB55-B5A8-42AE-9BD5-EC7BE9FD0427}.Debug|Any CPU.ActiveCfg = Debug|Any CPU
		{C74DEB55-B5A8-42AE-9BD5-EC7BE9FD0427}.Debug|Any CPU.Build.0 = Debug|Any CPU
		{C74DEB55-B5A8-42AE-9BD5-EC7BE9FD0427}.Debug|x64.ActiveCfg = Debug|Any CPU
		{C74DEB55-B5A8-42AE-9BD5-EC7BE9FD0427}.Debug|x64.Build.0 = Debug|Any CPU
		{C74DEB55-B5A8-42AE-9BD5-EC7BE9FD0427}.Debug|x86.ActiveCfg = Debug|Any CPU
		{C74DEB55-B5A8-42AE-9BD5-EC7BE9FD0427}.Debug|x86.Build.0 = Debug|Any CPU
		{C74DEB55-B5A8-42AE-9BD5-EC7BE9FD0427}.Release|Any CPU.ActiveCfg = Release|Any CPU
		{C74DEB55-B5A8-42AE-9BD5-EC7BE9FD0427}.Release|Any CPU.Build.0 = Release|Any CPU
		{C74DEB55-B5A8-42AE-9BD5-EC7BE9FD0427}.Release|x64.ActiveCfg = Release|Any CPU
		{C74DEB55-B5A8-42AE-9BD5-EC7BE9FD0427}.Release|x64.Build.0 = Release|Any CPU
		{C74DEB55-B5A8-42AE-9BD5-EC7BE9FD0427}.Release|x86.ActiveCfg = Release|Any CPU
		{C74DEB55-B5A8-42AE-9BD5-EC7BE9FD0427}.Release|x86.Build.0 = Release|Any CPU
		{3C15C1E1-EB0C-407C-870C-AE072BDD8BC7}.Debug|Any CPU.ActiveCfg = Debug|Any CPU
		{3C15C1E1-EB0C-407C-870C-AE072BDD8BC7}.Debug|Any CPU.Build.0 = Debug|Any CPU
		{3C15C1E1-EB0C-407C-870C-AE072BDD8BC7}.Debug|x64.ActiveCfg = Debug|Any CPU
		{3C15C1E1-EB0C-407C-870C-AE072BDD8BC7}.Debug|x64.Build.0 = Debug|Any CPU
		{3C15C1E1-EB0C-407C-870C-AE072BDD8BC7}.Debug|x86.ActiveCfg = Debug|Any CPU
		{3C15C1E1-EB0C-407C-870C-AE072BDD8BC7}.Debug|x86.Build.0 = Debug|Any CPU
		{3C15C1E1-EB0C-407C-870C-AE072BDD8BC7}.Release|Any CPU.ActiveCfg = Release|Any CPU
		{3C15C1E1-EB0C-407C-870C-AE072BDD8BC7}.Release|Any CPU.Build.0 = Release|Any CPU
		{3C15C1E1-EB0C-407C-870C-AE072BDD8BC7}.Release|x64.ActiveCfg = Release|Any CPU
		{3C15C1E1-EB0C-407C-870C-AE072BDD8BC7}.Release|x64.Build.0 = Release|Any CPU
		{3C15C1E1-EB0C-407C-870C-AE072BDD8BC7}.Release|x86.ActiveCfg = Release|Any CPU
		{3C15C1E1-EB0C-407C-870C-AE072BDD8BC7}.Release|x86.Build.0 = Release|Any CPU
		{864663B6-9E40-4DB3-96D9-9A35CAF656F5}.Debug|Any CPU.ActiveCfg = Debug|Any CPU
		{864663B6-9E40-4DB3-96D9-9A35CAF656F5}.Debug|Any CPU.Build.0 = Debug|Any CPU
		{864663B6-9E40-4DB3-96D9-9A35CAF656F5}.Debug|x64.ActiveCfg = Debug|Any CPU
		{864663B6-9E40-4DB3-96D9-9A35CAF656F5}.Debug|x64.Build.0 = Debug|Any CPU
		{864663B6-9E40-4DB3-96D9-9A35CAF656F5}.Debug|x86.ActiveCfg = Debug|Any CPU
		{864663B6-9E40-4DB3-96D9-9A35CAF656F5}.Debug|x86.Build.0 = Debug|Any CPU
		{864663B6-9E40-4DB3-96D9-9A35CAF656F5}.Release|Any CPU.ActiveCfg = Release|Any CPU
		{864663B6-9E40-4DB3-96D9-9A35CAF656F5}.Release|Any CPU.Build.0 = Release|Any CPU
		{864663B6-9E40-4DB3-96D9-9A35CAF656F5}.Release|x64.ActiveCfg = Release|Any CPU
		{864663B6-9E40-4DB3-96D9-9A35CAF656F5}.Release|x64.Build.0 = Release|Any CPU
		{864663B6-9E40-4DB3-96D9-9A35CAF656F5}.Release|x86.ActiveCfg = Release|Any CPU
		{864663B6-9E40-4DB3-96D9-9A35CAF656F5}.Release|x86.Build.0 = Release|Any CPU
		{A1129F49-177E-4A77-9587-8DF649CB53C2}.Debug|Any CPU.ActiveCfg = Debug|Any CPU
		{A1129F49-177E-4A77-9587-8DF649CB53C2}.Debug|Any CPU.Build.0 = Debug|Any CPU
		{A1129F49-177E-4A77-9587-8DF649CB53C2}.Debug|x64.ActiveCfg = Debug|Any CPU
		{A1129F49-177E-4A77-9587-8DF649CB53C2}.Debug|x64.Build.0 = Debug|Any CPU
		{A1129F49-177E-4A77-9587-8DF649CB53C2}.Debug|x86.ActiveCfg = Debug|Any CPU
		{A1129F49-177E-4A77-9587-8DF649CB53C2}.Debug|x86.Build.0 = Debug|Any CPU
		{A1129F49-177E-4A77-9587-8DF649CB53C2}.Release|Any CPU.ActiveCfg = Release|Any CPU
		{A1129F49-177E-4A77-9587-8DF649CB53C2}.Release|Any CPU.Build.0 = Release|Any CPU
		{A1129F49-177E-4A77-9587-8DF649CB53C2}.Release|x64.ActiveCfg = Release|Any CPU
		{A1129F49-177E-4A77-9587-8DF649CB53C2}.Release|x64.Build.0 = Release|Any CPU
		{A1129F49-177E-4A77-9587-8DF649CB53C2}.Release|x86.ActiveCfg = Release|Any CPU
		{A1129F49-177E-4A77-9587-8DF649CB53C2}.Release|x86.Build.0 = Release|Any CPU
		{AF5C610B-2C8E-4DB9-BAB2-CAF77983E3DB}.Debug|Any CPU.ActiveCfg = Debug|Any CPU
		{AF5C610B-2C8E-4DB9-BAB2-CAF77983E3DB}.Debug|Any CPU.Build.0 = Debug|Any CPU
		{AF5C610B-2C8E-4DB9-BAB2-CAF77983E3DB}.Debug|x64.ActiveCfg = Debug|Any CPU
		{AF5C610B-2C8E-4DB9-BAB2-CAF77983E3DB}.Debug|x64.Build.0 = Debug|Any CPU
		{AF5C610B-2C8E-4DB9-BAB2-CAF77983E3DB}.Debug|x86.ActiveCfg = Debug|Any CPU
		{AF5C610B-2C8E-4DB9-BAB2-CAF77983E3DB}.Debug|x86.Build.0 = Debug|Any CPU
		{AF5C610B-2C8E-4DB9-BAB2-CAF77983E3DB}.Release|Any CPU.ActiveCfg = Release|Any CPU
		{AF5C610B-2C8E-4DB9-BAB2-CAF77983E3DB}.Release|Any CPU.Build.0 = Release|Any CPU
		{AF5C610B-2C8E-4DB9-BAB2-CAF77983E3DB}.Release|x64.ActiveCfg = Release|Any CPU
		{AF5C610B-2C8E-4DB9-BAB2-CAF77983E3DB}.Release|x64.Build.0 = Release|Any CPU
		{AF5C610B-2C8E-4DB9-BAB2-CAF77983E3DB}.Release|x86.ActiveCfg = Release|Any CPU
		{AF5C610B-2C8E-4DB9-BAB2-CAF77983E3DB}.Release|x86.Build.0 = Release|Any CPU
		{B1AF519D-F625-4D4A-8B8A-E32C41180FB7}.Debug|Any CPU.ActiveCfg = Debug|Any CPU
		{B1AF519D-F625-4D4A-8B8A-E32C41180FB7}.Debug|Any CPU.Build.0 = Debug|Any CPU
		{B1AF519D-F625-4D4A-8B8A-E32C41180FB7}.Debug|x64.ActiveCfg = Debug|Any CPU
		{B1AF519D-F625-4D4A-8B8A-E32C41180FB7}.Debug|x64.Build.0 = Debug|Any CPU
		{B1AF519D-F625-4D4A-8B8A-E32C41180FB7}.Debug|x86.ActiveCfg = Debug|Any CPU
		{B1AF519D-F625-4D4A-8B8A-E32C41180FB7}.Debug|x86.Build.0 = Debug|Any CPU
		{B1AF519D-F625-4D4A-8B8A-E32C41180FB7}.Release|Any CPU.ActiveCfg = Release|Any CPU
		{B1AF519D-F625-4D4A-8B8A-E32C41180FB7}.Release|Any CPU.Build.0 = Release|Any CPU
		{B1AF519D-F625-4D4A-8B8A-E32C41180FB7}.Release|x64.ActiveCfg = Release|Any CPU
		{B1AF519D-F625-4D4A-8B8A-E32C41180FB7}.Release|x64.Build.0 = Release|Any CPU
		{B1AF519D-F625-4D4A-8B8A-E32C41180FB7}.Release|x86.ActiveCfg = Release|Any CPU
		{B1AF519D-F625-4D4A-8B8A-E32C41180FB7}.Release|x86.Build.0 = Release|Any CPU
		{439288B6-36C6-4CA7-AE98-54F3E20E704F}.Debug|Any CPU.ActiveCfg = Debug|Any CPU
		{439288B6-36C6-4CA7-AE98-54F3E20E704F}.Debug|Any CPU.Build.0 = Debug|Any CPU
		{439288B6-36C6-4CA7-AE98-54F3E20E704F}.Debug|x64.ActiveCfg = Debug|Any CPU
		{439288B6-36C6-4CA7-AE98-54F3E20E704F}.Debug|x64.Build.0 = Debug|Any CPU
		{439288B6-36C6-4CA7-AE98-54F3E20E704F}.Debug|x86.ActiveCfg = Debug|Any CPU
		{439288B6-36C6-4CA7-AE98-54F3E20E704F}.Debug|x86.Build.0 = Debug|Any CPU
		{439288B6-36C6-4CA7-AE98-54F3E20E704F}.Release|Any CPU.ActiveCfg = Release|Any CPU
		{439288B6-36C6-4CA7-AE98-54F3E20E704F}.Release|Any CPU.Build.0 = Release|Any CPU
		{439288B6-36C6-4CA7-AE98-54F3E20E704F}.Release|x64.ActiveCfg = Release|Any CPU
		{439288B6-36C6-4CA7-AE98-54F3E20E704F}.Release|x64.Build.0 = Release|Any CPU
		{439288B6-36C6-4CA7-AE98-54F3E20E704F}.Release|x86.ActiveCfg = Release|Any CPU
		{439288B6-36C6-4CA7-AE98-54F3E20E704F}.Release|x86.Build.0 = Release|Any CPU
		{D1E03E45-6898-4237-9598-7FFC08ED8FE5}.Debug|Any CPU.ActiveCfg = Debug|Any CPU
		{D1E03E45-6898-4237-9598-7FFC08ED8FE5}.Debug|Any CPU.Build.0 = Debug|Any CPU
		{D1E03E45-6898-4237-9598-7FFC08ED8FE5}.Debug|x64.ActiveCfg = Debug|Any CPU
		{D1E03E45-6898-4237-9598-7FFC08ED8FE5}.Debug|x64.Build.0 = Debug|Any CPU
		{D1E03E45-6898-4237-9598-7FFC08ED8FE5}.Debug|x86.ActiveCfg = Debug|Any CPU
		{D1E03E45-6898-4237-9598-7FFC08ED8FE5}.Debug|x86.Build.0 = Debug|Any CPU
		{D1E03E45-6898-4237-9598-7FFC08ED8FE5}.Release|Any CPU.ActiveCfg = Release|Any CPU
		{D1E03E45-6898-4237-9598-7FFC08ED8FE5}.Release|Any CPU.Build.0 = Release|Any CPU
		{D1E03E45-6898-4237-9598-7FFC08ED8FE5}.Release|x64.ActiveCfg = Release|Any CPU
		{D1E03E45-6898-4237-9598-7FFC08ED8FE5}.Release|x64.Build.0 = Release|Any CPU
		{D1E03E45-6898-4237-9598-7FFC08ED8FE5}.Release|x86.ActiveCfg = Release|Any CPU
		{D1E03E45-6898-4237-9598-7FFC08ED8FE5}.Release|x86.Build.0 = Release|Any CPU
	EndGlobalSection
	GlobalSection(SolutionProperties) = preSolution
		HideSolutionNode = FALSE
	EndGlobalSection
	GlobalSection(NestedProjects) = preSolution
		{213B17B8-39B7-4A01-92F5-62B13E29AD9A} = {827E0CD3-B72D-47B6-A68D-7590B98EB39B}
		{149279E6-36DC-4DC7-BFB9-18EF8B3074A8} = {827E0CD3-B72D-47B6-A68D-7590B98EB39B}
		{C74DEB55-B5A8-42AE-9BD5-EC7BE9FD0427} = {827E0CD3-B72D-47B6-A68D-7590B98EB39B}
		{3C15C1E1-EB0C-407C-870C-AE072BDD8BC7} = {827E0CD3-B72D-47B6-A68D-7590B98EB39B}
		{864663B6-9E40-4DB3-96D9-9A35CAF656F5} = {827E0CD3-B72D-47B6-A68D-7590B98EB39B}
		{A1129F49-177E-4A77-9587-8DF649CB53C2} = {827E0CD3-B72D-47B6-A68D-7590B98EB39B}
		{AF5C610B-2C8E-4DB9-BAB2-CAF77983E3DB} = {827E0CD3-B72D-47B6-A68D-7590B98EB39B}
		{B1AF519D-F625-4D4A-8B8A-E32C41180FB7} = {827E0CD3-B72D-47B6-A68D-7590B98EB39B}
		{439288B6-36C6-4CA7-AE98-54F3E20E704F} = {827E0CD3-B72D-47B6-A68D-7590B98EB39B}
		{D1E03E45-6898-4237-9598-7FFC08ED8FE5} = {827E0CD3-B72D-47B6-A68D-7590B98EB39B}
	EndGlobalSection
EndGlobal
